
Microsoft Visual Studio Solution File, Format Version 12.00
# Visual Studio 2012
Project("{FAE04EC0-301F-11D3-BF4B-00C04F79EFBC}") = "KHUxWebCrawler", "KHUxWebCrawler\KHUxWebCrawler.csproj", "{DF2246A8-FE84-40E1-9C2F-E1A947324784}"
EndProject
Global
	GlobalSection(SolutionConfigurationPlatforms) = preSolution
		Debug|x86 = Debug|x86
		Release|x86 = Release|x86
	EndGlobalSection
	GlobalSection(ProjectConfigurationPlatforms) = postSolution
		{DF2246A8-FE84-40E1-9C2F-E1A947324784}.Debug|x86.ActiveCfg = Debug|x86
		{DF2246A8-FE84-40E1-9C2F-E1A947324784}.Debug|x86.Build.0 = Debug|x86
		{DF2246A8-FE84-40E1-9C2F-E1A947324784}.Release|x86.ActiveCfg = Release|x86
		{DF2246A8-FE84-40E1-9C2F-E1A947324784}.Release|x86.Build.0 = Release|x86
	EndGlobalSection
EndGlobal
